// !$*UTF8*$!
{
	archiveVersion = 1;
	classes = {
	};
	objectVersion = 56;
	objects = {

/* Begin PBXBuildFile section */
		0469A0132AAA70BB002B8AD9 /* PlacesList.swift in Sources */ = {isa = PBXBuildFile; fileRef = 0469A0122AAA70BB002B8AD9 /* PlacesList.swift */; };
		048053442A5A01E50016769E /* MapApp.swift in Sources */ = {isa = PBXBuildFile; fileRef = 048053432A5A01E50016769E /* MapApp.swift */; };
		048053462A5A01E50016769E /* ContentView.swift in Sources */ = {isa = PBXBuildFile; fileRef = 048053452A5A01E50016769E /* ContentView.swift */; };
		0480534B2A5A01E60016769E /* Preview Assets.xcassets in Resources */ = {isa = PBXBuildFile; fileRef = 0480534A2A5A01E60016769E /* Preview Assets.xcassets */; };
		0484F0B52AAFB0350084AFE2 /* LocationDetail.swift in Sources */ = {isa = PBXBuildFile; fileRef = 0484F0B42AAFB0350084AFE2 /* LocationDetail.swift */; };
		04BD769B2AADCA0A006B4A4F /* CustomMarker.swift in Sources */ = {isa = PBXBuildFile; fileRef = 04BD769A2AADCA0A006B4A4F /* CustomMarker.swift */; };
		04DB9E532A5B048300131B99 /* Location.swift in Sources */ = {isa = PBXBuildFile; fileRef = 04DB9E522A5B048300131B99 /* Location.swift */; };
		04DB9E562A5B05E000131B99 /* Assets.xcassets in Resources */ = {isa = PBXBuildFile; fileRef = 04DB9E552A5B05E000131B99 /* Assets.xcassets */; };
		04DB9E582A5B06EE00131B99 /* LocationView.swift in Sources */ = {isa = PBXBuildFile; fileRef = 04DB9E572A5B06EE00131B99 /* LocationView.swift */; };
		04DB9E5A2A5B0D1E00131B99 /* LocationViewModel.swift in Sources */ = {isa = PBXBuildFile; fileRef = 04DB9E592A5B0D1E00131B99 /* LocationViewModel.swift */; };
		04F3DEAE2AABD80500C5B62F /* LocationCard.swift in Sources */ = {isa = PBXBuildFile; fileRef = 04F3DEAD2AABD80500C5B62F /* LocationCard.swift */; };
		04FB6A1D2A5B029A0010D0E1 /* LocationsDataService.swift in Sources */ = {isa = PBXBuildFile; fileRef = 04FB6A1C2A5B029A0010D0E1 /* LocationsDataService.swift */; };
/* End PBXBuildFile section */

/* Begin PBXFileReference section */
		045743472AB1075200087123 /* Info.plist */ = {isa = PBXFileReference; lastKnownFileType = text.plist; path = Info.plist; sourceTree = "<group>"; };
		0469A0122AAA70BB002B8AD9 /* PlacesList.swift */ = {isa = PBXFileReference; lastKnownFileType = sourcecode.swift; path = PlacesList.swift; sourceTree = "<group>"; };
		048053402A5A01E50016769E /* Map.app */ = {isa = PBXFileReference; explicitFileType = wrapper.application; includeInIndex = 0; path = Map.app; sourceTree = BUILT_PRODUCTS_DIR; };
		048053432A5A01E50016769E /* MapApp.swift */ = {isa = PBXFileReference; lastKnownFileType = sourcecode.swift; path = MapApp.swift; sourceTree = "<group>"; };
		048053452A5A01E50016769E /* ContentView.swift */ = {isa = PBXFileReference; lastKnownFileType = sourcecode.swift; path = ContentView.swift; sourceTree = "<group>"; };
		0480534A2A5A01E60016769E /* Preview Assets.xcassets */ = {isa = PBXFileReference; lastKnownFileType = folder.assetcatalog; path = "Preview Assets.xcassets"; sourceTree = "<group>"; };
		0484F0B42AAFB0350084AFE2 /* LocationDetail.swift */ = {isa = PBXFileReference; lastKnownFileType = sourcecode.swift; path = LocationDetail.swift; sourceTree = "<group>"; };
		04BD769A2AADCA0A006B4A4F /* CustomMarker.swift */ = {isa = PBXFileReference; lastKnownFileType = sourcecode.swift; path = CustomMarker.swift; sourceTree = "<group>"; };
		04DB9E522A5B048300131B99 /* Location.swift */ = {isa = PBXFileReference; lastKnownFileType = sourcecode.swift; path = Location.swift; sourceTree = "<group>"; };
		04DB9E552A5B05E000131B99 /* Assets.xcassets */ = {isa = PBXFileReference; lastKnownFileType = folder.assetcatalog; path = Assets.xcassets; sourceTree = "<group>"; };
		04DB9E572A5B06EE00131B99 /* LocationView.swift */ = {isa = PBXFileReference; lastKnownFileType = sourcecode.swift; path = LocationView.swift; sourceTree = "<group>"; };
		04DB9E592A5B0D1E00131B99 /* LocationViewModel.swift */ = {isa = PBXFileReference; lastKnownFileType = sourcecode.swift; path = LocationViewModel.swift; sourceTree = "<group>"; };
		04F3DEAD2AABD80500C5B62F /* LocationCard.swift */ = {isa = PBXFileReference; lastKnownFileType = sourcecode.swift; path = LocationCard.swift; sourceTree = "<group>"; };
		04FB6A1C2A5B029A0010D0E1 /* LocationsDataService.swift */ = {isa = PBXFileReference; fileEncoding = 4; lastKnownFileType = sourcecode.swift; path = LocationsDataService.swift; sourceTree = "<group>"; };
/* End PBXFileReference section */

/* Begin PBXFrameworksBuildPhase section */
		0480533D2A5A01E50016769E /* Frameworks */ = {
			isa = PBXFrameworksBuildPhase;
			buildActionMask = 2147483647;
			files = (
			);
			runOnlyForDeploymentPostprocessing = 0;
		};
/* End PBXFrameworksBuildPhase section */

/* Begin PBXGroup section */
		048053372A5A01E50016769E = {
			isa = PBXGroup;
			children = (
				048053422A5A01E50016769E /* Map */,
				048053412A5A01E50016769E /* Products */,
			);
			sourceTree = "<group>";
		};
		048053412A5A01E50016769E /* Products */ = {
			isa = PBXGroup;
			children = (
				048053402A5A01E50016769E /* Map.app */,
			);
			name = Products;
			sourceTree = "<group>";
		};
		048053422A5A01E50016769E /* Map */ = {
			isa = PBXGroup;
			children = (
				045743472AB1075200087123 /* Info.plist */,
				04DB9E542A5B055900131B99 /* DataServices */,
				04DB9E512A5B045400131B99 /* ViewModels */,
				04DB9E502A5B044A00131B99 /* Models */,
				04DB9E4F2A5B043F00131B99 /* Views */,
				048053432A5A01E50016769E /* MapApp.swift */,
				048053452A5A01E50016769E /* ContentView.swift */,
				04DB9E552A5B05E000131B99 /* Assets.xcassets */,
				048053492A5A01E60016769E /* Preview Content */,
			);
			path = Map;
			sourceTree = "<group>";
		};
		048053492A5A01E60016769E /* Preview Content */ = {
			isa = PBXGroup;
			children = (
				0480534A2A5A01E60016769E /* Preview Assets.xcassets */,
			);
			path = "Preview Content";
			sourceTree = "<group>";
		};
		04DB9E4F2A5B043F00131B99 /* Views */ = {
			isa = PBXGroup;
			children = (
				04DB9E572A5B06EE00131B99 /* LocationView.swift */,
				0469A0122AAA70BB002B8AD9 /* PlacesList.swift */,
				04F3DEAD2AABD80500C5B62F /* LocationCard.swift */,
				04BD769A2AADCA0A006B4A4F /* CustomMarker.swift */,
				0484F0B42AAFB0350084AFE2 /* LocationDetail.swift */,
			);
			path = Views;
			sourceTree = "<group>";
		};
		04DB9E502A5B044A00131B99 /* Models */ = {
			isa = PBXGroup;
			children = (
				04DB9E522A5B048300131B99 /* Location.swift */,
			);
			path = Models;
			sourceTree = "<group>";
		};
		04DB9E512A5B045400131B99 /* ViewModels */ = {
			isa = PBXGroup;
			children = (
				04DB9E592A5B0D1E00131B99 /* LocationViewModel.swift */,
			);
			path = ViewModels;
			sourceTree = "<group>";
		};
		04DB9E542A5B055900131B99 /* DataServices */ = {
			isa = PBXGroup;
			children = (
				04FB6A1C2A5B029A0010D0E1 /* LocationsDataService.swift */,
			);
			path = DataServices;
			sourceTree = "<group>";
		};
/* End PBXGroup section */

/* Begin PBXNativeTarget section */
		0480533F2A5A01E50016769E /* Map */ = {
			isa = PBXNativeTarget;
			buildConfigurationList = 0480534E2A5A01E60016769E /* Build configuration list for PBXNativeTarget "Map" */;
			buildPhases = (
				0480533C2A5A01E50016769E /* Sources */,
				0480533D2A5A01E50016769E /* Frameworks */,
				0480533E2A5A01E50016769E /* Resources */,
			);
			buildRules = (
			);
			dependencies = (
			);
			name = Map;
			productName = Map;
			productReference = 048053402A5A01E50016769E /* Map.app */;
			productType = "com.apple.product-type.application";
		};
/* End PBXNativeTarget section */

/* Begin PBXProject section */
		048053382A5A01E50016769E /* Project object */ = {
			isa = PBXProject;
			attributes = {
				BuildIndependentTargetsInParallel = 1;
				LastSwiftUpdateCheck = 1420;
				LastUpgradeCheck = 1420;
				TargetAttributes = {
					0480533F2A5A01E50016769E = {
						CreatedOnToolsVersion = 14.2;
					};
				};
			};
			buildConfigurationList = 0480533B2A5A01E50016769E /* Build configuration list for PBXProject "Map" */;
			compatibilityVersion = "Xcode 14.0";
			developmentRegion = en;
			hasScannedForEncodings = 0;
			knownRegions = (
				en,
				Base,
			);
			mainGroup = 048053372A5A01E50016769E;
			productRefGroup = 048053412A5A01E50016769E /* Products */;
			projectDirPath = "";
			projectRoot = "";
			targets = (
				0480533F2A5A01E50016769E /* Map */,
			);
		};
/* End PBXProject section */

/* Begin PBXResourcesBuildPhase section */
		0480533E2A5A01E50016769E /* Resources */ = {
			isa = PBXResourcesBuildPhase;
			buildActionMask = 2147483647;
			files = (
				04DB9E562A5B05E000131B99 /* Assets.xcassets in Resources */,
				0480534B2A5A01E60016769E /* Preview Assets.xcassets in Resources */,
			);
			runOnlyForDeploymentPostprocessing = 0;
		};
/* End PBXResourcesBuildPhase section */

/* Begin PBXSourcesBuildPhase section */
		0480533C2A5A01E50016769E /* Sources */ = {
			isa = PBXSourcesBuildPhase;
			buildActionMask = 2147483647;
			files = (
				04F3DEAE2AABD80500C5B62F /* LocationCard.swift in Sources */,
				048053462A5A01E50016769E /* ContentView.swift in Sources */,
				04DB9E5A2A5B0D1E00131B99 /* LocationViewModel.swift in Sources */,
				048053442A5A01E50016769E /* MapApp.swift in Sources */,
				04DB9E582A5B06EE00131B99 /* LocationView.swift in Sources */,
				04DB9E532A5B048300131B99 /* Location.swift in Sources */,
				04FB6A1D2A5B029A0010D0E1 /* LocationsDataService.swift in Sources */,
				04BD769B2AADCA0A006B4A4F /* CustomMarker.swift in Sources */,
				0469A0132AAA70BB002B8AD9 /* PlacesList.swift in Sources */,
				0484F0B52AAFB0350084AFE2 /* LocationDetail.swift in Sources */,
			);
			runOnlyForDeploymentPostprocessing = 0;
		};
/* End PBXSourcesBuildPhase section */

/* Begin XCBuildConfiguration section */
		0480534C2A5A01E60016769E /* Debug */ = {
			isa = XCBuildConfiguration;
			buildSettings = {
				ALWAYS_SEARCH_USER_PATHS = NO;
				CLANG_ANALYZER_NONNULL = YES;
				CLANG_ANALYZER_NUMBER_OBJECT_CONVERSION = YES_AGGRESSIVE;
				CLANG_CXX_LANGUAGE_STANDARD = "gnu++20";
				CLANG_ENABLE_MODULES = YES;
				CLANG_ENABLE_OBJC_ARC = YES;
				CLANG_ENABLE_OBJC_WEAK = YES;
				CLANG_WARN_BLOCK_CAPTURE_AUTORELEASING = YES;
				CLANG_WARN_BOOL_CONVERSION = YES;
				CLANG_WARN_COMMA = YES;
				CLANG_WARN_CONSTANT_CONVERSION = YES;
				CLANG_WARN_DEPRECATED_OBJC_IMPLEMENTATIONS = YES;
				CLANG_WARN_DIRECT_OBJC_ISA_USAGE = YES_ERROR;
				CLANG_WARN_DOCUMENTATION_COMMENTS = YES;
				CLANG_WARN_EMPTY_BODY = YES;
				CLANG_WARN_ENUM_CONVERSION = YES;
				CLANG_WARN_INFINITE_RECURSION = YES;
				CLANG_WARN_INT_CONVERSION = YES;
				CLANG_WARN_NON_LITERAL_NULL_CONVERSION = YES;
				CLANG_WARN_OBJC_IMPLICIT_RETAIN_SELF = YES;
				CLANG_WARN_OBJC_LITERAL_CONVERSION = YES;
				CLANG_WARN_OBJC_ROOT_CLASS = YES_ERROR;
				CLANG_WARN_QUOTED_INCLUDE_IN_FRAMEWORK_HEADER = YES;
				CLANG_WARN_RANGE_LOOP_ANALYSIS = YES;
				CLANG_WARN_STRICT_PROTOTYPES = YES;
				CLANG_WARN_SUSPICIOUS_MOVE = YES;
				CLANG_WARN_UNGUARDED_AVAILABILITY = YES_AGGRESSIVE;
				CLANG_WARN_UNREACHABLE_CODE = YES;
				CLANG_WARN__DUPLICATE_METHOD_MATCH = YES;
				COPY_PHASE_STRIP = NO;
				DEBUG_INFORMATION_FORMAT = dwarf;
				ENABLE_STRICT_OBJC_MSGSEND = YES;
				ENABLE_TESTABILITY = YES;
				GCC_C_LANGUAGE_STANDARD = gnu11;
				GCC_DYNAMIC_NO_PIC = NO;
				GCC_NO_COMMON_BLOCKS = YES;
				GCC_OPTIMIZATION_LEVEL = 0;
				GCC_PREPROCESSOR_DEFINITIONS = (
					"DEBUG=1",
					"$(inherited)",
				);
				GCC_WARN_64_TO_32_BIT_CONVERSION = YES;
				GCC_WARN_ABOUT_RETURN_TYPE = YES_ERROR;
				GCC_WARN_UNDECLARED_SELECTOR = YES;
				GCC_WARN_UNINITIALIZED_AUTOS = YES_AGGRESSIVE;
				GCC_WARN_UNUSED_FUNCTION = YES;
				GCC_WARN_UNUSED_VARIABLE = YES;
				IPHONEOS_DEPLOYMENT_TARGET = 16.2;
				MTL_ENABLE_DEBUG_INFO = INCLUDE_SOURCE;
				MTL_FAST_MATH = YES;
				ONLY_ACTIVE_ARCH = YES;
				SDKROOT = iphoneos;
				SWIFT_ACTIVE_COMPILATION_CONDITIONS = DEBUG;
				SWIFT_OPTIMIZATION_LEVEL = "-Onone";
			};
			name = Debug;
		};
		0480534D2A5A01E60016769E /* Release */ = {
			isa = XCBuildConfiguration;
			buildSettings = {
				ALWAYS_SEARCH_USER_PATHS = NO;
				CLANG_ANALYZER_NONNULL = YES;
				CLANG_ANALYZER_NUMBER_OBJECT_CONVERSION = YES_AGGRESSIVE;
				CLANG_CXX_LANGUAGE_STANDARD = "gnu++20";
				CLANG_ENABLE_MODULES = YES;
				CLANG_ENABLE_OBJC_ARC = YES;
				CLANG_ENABLE_OBJC_WEAK = YES;
				CLANG_WARN_BLOCK_CAPTURE_AUTORELEASING = YES;
				CLANG_WARN_BOOL_CONVERSION = YES;
				CLANG_WARN_COMMA = YES;
				CLANG_WARN_CONSTANT_CONVERSION = YES;
				CLANG_WARN_DEPRECATED_OBJC_IMPLEMENTATIONS = YES;
				CLANG_WARN_DIRECT_OBJC_ISA_USAGE = YES_ERROR;
				CLANG_WARN_DOCUMENTATION_COMMENTS = YES;
				CLANG_WARN_EMPTY_BODY = YES;
				CLANG_WARN_ENUM_CONVERSION = YES;
				CLANG_WARN_INFINITE_RECURSION = YES;
				CLANG_WARN_INT_CONVERSION = YES;
				CLANG_WARN_NON_LITERAL_NULL_CONVERSION = YES;
				CLANG_WARN_OBJC_IMPLICIT_RETAIN_SELF = YES;
				CLANG_WARN_OBJC_LITERAL_CONVERSION = YES;
				CLANG_WARN_OBJC_ROOT_CLASS = YES_ERROR;
				CLANG_WARN_QUOTED_INCLUDE_IN_FRAMEWORK_HEADER = YES;
				CLANG_WARN_RANGE_LOOP_ANALYSIS = YES;
				CLANG_WARN_STRICT_PROTOTYPES = YES;
				CLANG_WARN_SUSPICIOUS_MOVE = YES;
				CLANG_WARN_UNGUARDED_AVAILABILITY = YES_AGGRESSIVE;
				CLANG_WARN_UNREACHABLE_CODE = YES;
				CLANG_WARN__DUPLICATE_METHOD_MATCH = YES;
				COPY_PHASE_STRIP = NO;
				DEBUG_INFORMATION_FORMAT = "dwarf-with-dsym";
				ENABLE_NS_ASSERTIONS = NO;
				ENABLE_STRICT_OBJC_MSGSEND = YES;
				GCC_C_LANGUAGE_STANDARD = gnu11;
				GCC_NO_COMMON_BLOCKS = YES;
				GCC_WARN_64_TO_32_BIT_CONVERSION = YES;
				GCC_WARN_ABOUT_RETURN_TYPE = YES_ERROR;
				GCC_WARN_UNDECLARED_SELECTOR = YES;
				GCC_WARN_UNINITIALIZED_AUTOS = YES_AGGRESSIVE;
				GCC_WARN_UNUSED_FUNCTION = YES;
				GCC_WARN_UNUSED_VARIABLE = YES;
				IPHONEOS_DEPLOYMENT_TARGET = 16.2;
				MTL_ENABLE_DEBUG_INFO = NO;
				MTL_FAST_MATH = YES;
				SDKROOT = iphoneos;
				SWIFT_COMPILATION_MODE = wholemodule;
				SWIFT_OPTIMIZATION_LEVEL = "-O";
				VALIDATE_PRODUCT = YES;
			};
			name = Release;
		};
		0480534F2A5A01E60016769E /* Debug */ = {
			isa = XCBuildConfiguration;
			buildSettings = {
				ASSETCATALOG_COMPILER_APPICON_NAME = AppIcon;
				ASSETCATALOG_COMPILER_GLOBAL_ACCENT_COLOR_NAME = AccentColor;
				CODE_SIGN_STYLE = Automatic;
				CURRENT_PROJECT_VERSION = 1;
				DEVELOPMENT_ASSET_PATHS = "\"Map/Preview Content\"";
				DEVELOPMENT_TEAM = SB2Z3N5TCP;
				ENABLE_PREVIEWS = YES;
				GENERATE_INFOPLIST_FILE = YES;
				INFOPLIST_FILE = Map/Info.plist;
				INFOPLIST_KEY_CFBundleDisplayName = MyMap;
				INFOPLIST_KEY_UIApplicationSceneManifest_Generation = YES;
				INFOPLIST_KEY_UIApplicationSupportsIndirectInputEvents = YES;
				INFOPLIST_KEY_UISupportedInterfaceOrientations = UIInterfaceOrientationPortrait;
				INFOPLIST_KEY_UISupportedInterfaceOrientations_iPad = "UIInterfaceOrientationLandscapeLeft UIInterfaceOrientationLandscapeRight UIInterfaceOrientationPortrait UIInterfaceOrientationPortraitUpsideDown";
				LD_RUNPATH_SEARCH_PATHS = (
					"$(inherited)",
					"@executable_path/Frameworks",
				);
				MARKETING_VERSION = 1.0;
				PRODUCT_BUNDLE_IDENTIFIER = amir.dev.Map;
				PRODUCT_NAME = "$(TARGET_NAME)";
				SWIFT_EMIT_LOC_STRINGS = YES;
				SWIFT_VERSION = 5.0;
				TARGETED_DEVICE_FAMILY = "1,2";
			};
			name = Debug;
		};
		048053502A5A01E60016769E /* Release */ = {
			isa = XCBuildConfiguration;
			buildSettings = {
				ASSETCATALOG_COMPILER_APPICON_NAME = AppIcon;
				ASSETCATALOG_COMPILER_GLOBAL_ACCENT_COLOR_NAME = AccentColor;
				CODE_SIGN_STYLE = Automatic;
				CURRENT_PROJECT_VERSION = 1;
				DEVELOPMENT_ASSET_PATHS = "\"Map/Preview Content\"";
				DEVELOPMENT_TEAM = SB2Z3N5TCP;
				ENABLE_PREVIEWS = YES;
				GENERATE_INFOPLIST_FILE = YES;
				INFOPLIST_FILE = Map/Info.plist;
				INFOPLIST_KEY_CFBundleDisplayName = MyMap;
				INFOPLIST_KEY_UIApplicationSceneManifest_Generation = YES;
				INFOPLIST_KEY_UIApplicationSupportsIndirectInputEvents = YES;
				INFOPLIST_KEY_UISupportedInterfaceOrientations = UIInterfaceOrientationPortrait;
				INFOPLIST_KEY_UISupportedInterfaceOrientations_iPad = "UIInterfaceOrientationLandscapeLeft UIInterfaceOrientationLandscapeRight UIInterfaceOrientationPortrait UIInterfaceOrientationPortraitUpsideDown";
				LD_RUNPATH_SEARCH_PATHS = (
					"$(inherited)",
					"@executable_path/Frameworks",
				);
				MARKETING_VERSION = 1.0;
				PRODUCT_BUNDLE_IDENTIFIER = amir.dev.Map;
				PRODUCT_NAME = "$(TARGET_NAME)";
				SWIFT_EMIT_LOC_STRINGS = YES;
				SWIFT_VERSION = 5.0;
				TARGETED_DEVICE_FAMILY = "1,2";
			};
			name = Release;
		};
/* End XCBuildConfiguration section */

/* Begin XCConfigurationList section */
		0480533B2A5A01E50016769E /* Build configuration list for PBXProject "Map" */ = {
			isa = XCConfigurationList;
			buildConfigurations = (
				0480534C2A5A01E60016769E /* Debug */,
				0480534D2A5A01E60016769E /* Release */,
			);
			defaultConfigurationIsVisible = 0;
			defaultConfigurationName = Release;
		};
		0480534E2A5A01E60016769E /* Build configuration list for PBXNativeTarget "Map" */ = {
			isa = XCConfigurationList;
			buildConfigurations = (
				0480534F2A5A01E60016769E /* Debug */,
				048053502A5A01E60016769E /* Release */,
			);
			defaultConfigurationIsVisible = 0;
			defaultConfigurationName = Release;
		};
/* End XCConfigurationList section */
	};
	rootObject = 048053382A5A01E50016769E /* Project object */;
}
